
Microsoft Visual Studio Solution File, Format Version 12.00
Project("{8BC9CEB8-8B4A-11D0-8D11-00A0C91BC942}") = "Server", "Server\Server.vcxproj", "{46786D95-0D16-435E-8E54-A525C95F7EF2}"
EndProject
Global
	GlobalSection(SolutionConfigurationPlatforms) = preSolution
		Debug|Win32 = Debug|Win32
		Debug|x64 = Debug|x64
		Release|Win32 = Release|Win32
		Release|x64 = Release|x64
	EndGlobalSection
	GlobalSection(ProjectConfigurationPlatforms) = postSolution
		{46786D95-0D16-435E-8E54-A525C95F7EF2}.Debug|Win32.ActiveCfg = Debug|Win32
		{46786D95-0D16-435E-8E54-A525C95F7EF2}.Debug|Win32.Build.0 = Debug|Win32
		{46786D95-0D16-435E-8E54-A525C95F7EF2}.Debug|x64.ActiveCfg = Debug|x64
		{46786D95-0D16-435E-8E54-A525C95F7EF2}.Debug|x64.Build.0 = Debug|x64
		{46786D95-0D16-435E-8E54-A525C95F7EF2}.Release|Win32.ActiveCfg = Release|Win32
		{46786D95-0D16-435E-8E54-A525C95F7EF2}.Release|Win32.Build.0 = Release|Win32
		{46786D95-0D16-435E-8E54-A525C95F7EF2}.Release|x64.ActiveCfg = Release|x64
		{46786D95-0D16-435E-8E54-A525C95F7EF2}.Release|x64.Build.0 = Release|x64
	EndGlobalSection
EndGlobal
